
Microsoft Visual Studio Solution File, Format Version 12.00
# Visual Studio Version 18
VisualStudioVersion = 18.2.11408.102
MinimumVisualStudioVersion = 10.0.40219.1
Project("{FAE04EC0-301F-11D3-BF4B-00C04F79EFBC}") = "Attrak", "Attrak\Attrak.csproj", "{EDC31CEA-23DE-4A89-BD1C-02B27D83355D}"
EndProject
Project("{FAE04EC0-301F-11D3-BF4B-00C04F79EFBC}") = "ServerAtrrak", "ServerAtrrak\ServerAtrrak.csproj", "{A57DF35C-C49D-4A7D-A4B8-FA3EBBA19209}"
EndProject
Project("{D954291E-2A0B-460D-934E-DC6B0785DB48}") = "AttrackSharedClass", "AttrackSharedClass\AttrackSharedClass.shproj", "{6383F5E8-F662-46BD-A55E-D98F08866BF6}"
EndProject
Project("{FAE04EC0-301F-11D3-BF4B-00C04F79EFBC}") = "NewscannerMAUI", "NewscannerMAUI\NewscannerMAUI.csproj", "{A915D808-3B12-45AB-AB38-FE2B4DB0C0B1}"
EndProject
Global
	GlobalSection(SolutionConfigurationPlatforms) = preSolution
		Debug|Any CPU = Debug|Any CPU
		Release|Any CPU = Release|Any CPU
	EndGlobalSection
	GlobalSection(ProjectConfigurationPlatforms) = postSolution
		{EDC31CEA-23DE-4A89-BD1C-02B27D83355D}.Debug|Any CPU.ActiveCfg = Debug|Any CPU
		{EDC31CEA-23DE-4A89-BD1C-02B27D83355D}.Debug|Any CPU.Build.0 = Debug|Any CPU
		{EDC31CEA-23DE-4A89-BD1C-02B27D83355D}.Release|Any CPU.ActiveCfg = Release|Any CPU
		{EDC31CEA-23DE-4A89-BD1C-02B27D83355D}.Release|Any CPU.Build.0 = Release|Any CPU
		{A57DF35C-C49D-4A7D-A4B8-FA3EBBA19209}.Debug|Any CPU.ActiveCfg = Debug|Any CPU
		{A57DF35C-C49D-4A7D-A4B8-FA3EBBA19209}.Debug|Any CPU.Build.0 = Debug|Any CPU
		{A57DF35C-C49D-4A7D-A4B8-FA3EBBA19209}.Release|Any CPU.ActiveCfg = Release|Any CPU
		{A57DF35C-C49D-4A7D-A4B8-FA3EBBA19209}.Release|Any CPU.Build.0 = Release|Any CPU
		{A915D808-3B12-45AB-AB38-FE2B4DB0C0B1}.Debug|Any CPU.ActiveCfg = Debug|Any CPU
		{A915D808-3B12-45AB-AB38-FE2B4DB0C0B1}.Debug|Any CPU.Build.0 = Debug|Any CPU
		{A915D808-3B12-45AB-AB38-FE2B4DB0C0B1}.Release|Any CPU.ActiveCfg = Debug|Any CPU
		{A915D808-3B12-45AB-AB38-FE2B4DB0C0B1}.Release|Any CPU.Build.0 = Debug|Any CPU
		{A915D808-3B12-45AB-AB38-FE2B4DB0C0B1}.Release|Any CPU.Deploy.0 = Debug|Any CPU
	EndGlobalSection
	GlobalSection(SolutionProperties) = preSolution
		HideSolutionNode = FALSE
	EndGlobalSection
	GlobalSection(ExtensibilityGlobals) = postSolution
		SolutionGuid = {4F9661E4-752A-458E-A4EB-95748EDE292D}
	EndGlobalSection
	GlobalSection(SharedMSBuildProjectFiles) = preSolution
		AttrackSharedClass\AttrackSharedClass.projitems*{6383f5e8-f662-46bd-a55e-d98f08866bf6}*SharedItemsImports = 13
		AttrackSharedClass\AttrackSharedClass.projitems*{a57df35c-c49d-4a7d-a4b8-fa3ebba19209}*SharedItemsImports = 5
		AttrackSharedClass\AttrackSharedClass.projitems*{a915d808-3b12-45ab-ab38-fe2b4db0c0b1}*SharedItemsImports = 5
		AttrackSharedClass\AttrackSharedClass.projitems*{edc31cea-23de-4a89-bd1c-02b27d83355d}*SharedItemsImports = 5
	EndGlobalSection
EndGlobal
